
Microsoft Visual Studio Solution File, Format Version 12.00
# Visual Studio Version 17
VisualStudioVersion = 17.14.36414.22
MinimumVisualStudioVersion = 10.0.40219.1
Project("{2150E333-8FDC-42A3-9474-1A3956D46DE8}") = "Task0", "Task0", "{02EA681E-C7D8-13C7-8484-4AC65E1B71E8}"
EndProject
Project("{FAE04EC0-301F-11D3-BF4B-00C04F79EFBC}") = "Tyuiu.chernyhim.Sprint0.Task0.V0", "Tyuiu.chernyhim.Sprint0.Task0.V0\Tyuiu.chernyhim.Sprint0.Task0.V0.csproj", "{017DAA76-B54E-4A75-8620-B7DE20380949}"
EndProject
Project("{2150E333-8FDC-42A3-9474-1A3956D46DE8}") = "Task1", "Task1", "{F4CB42F1-3C2E-4391-9804-1306F30D6803}"
EndProject
Project("{FAE04EC0-301F-11D3-BF4B-00C04F79EFBC}") = "Tyuiu.cheryhim.Sprint0.Task1.V0", "Tyuiu.cheryhim.Sprint0.Task1.V0\Tyuiu.cheryhim.Sprint0.Task1.V0.csproj", "{AEE77B0F-69C8-4FCA-8D5F-EBCB8F79DF45}"
EndProject
Project("{2150E333-8FDC-42A3-9474-1A3956D46DE8}") = "Task2", "Task2", "{E193CFA3-EA42-44C7-8A84-4225D26A5AB8}"
EndProject
Project("{FAE04EC0-301F-11D3-BF4B-00C04F79EFBC}") = "Tyuiu.chernyhim.Sprint0.Task2.V0", "Tyuiu.chernyhim.Sprint0.Task2.V0\Tyuiu.chernyhim.Sprint0.Task2.V0.csproj", "{2900E108-5CCB-4BCF-BA17-AB886990C218}"
EndProject
Project("{FAE04EC0-301F-11D3-BF4B-00C04F79EFBC}") = "Tyuiu.chernyhim.Sprint0.Task2.V0.Lib", "Tyuiu.chernyhim.Sprint0.Task2.V0.Lib\Tyuiu.chernyhim.Sprint0.Task2.V0.Lib.csproj", "{277D45D0-2096-4B8B-A977-6B95EC190691}"
EndProject
Project("{FAE04EC0-301F-11D3-BF4B-00C04F79EFBC}") = "Tyuiu.chernyhim.Sprint0.Task2.V0.Test", "Tyuiu.chernyhim.Sprint0.Task2.V0.Test\Tyuiu.chernyhim.Sprint0.Task2.V0.Test.csproj", "{7E00FA91-B02C-4077-A63A-D8FCF9F9E9D0}"
EndProject
Project("{2150E333-8FDC-42A3-9474-1A3956D46DE8}") = "Task3", "Task3", "{D28D9DC9-AF6F-44A5-B51C-2ED49B70C91E}"
EndProject
Project("{FAE04EC0-301F-11D3-BF4B-00C04F79EFBC}") = "Tyuiu.chernyhim.Sprint0.Task3.V0", "Tyuiu.chernyhim.Sprint0.Task3.V0\Tyuiu.chernyhim.Sprint0.Task3.V0.csproj", "{3F6A33EA-420A-470C-AF63-B7F9F55F228B}"
EndProject
Project("{FAE04EC0-301F-11D3-BF4B-00C04F79EFBC}") = "Tyuiu.chernyhim.Sprint0.Task3.V0.Lib", "Tyuiu.chernyhim.Sprint0.Task3.V0.Lib\Tyuiu.chernyhim.Sprint0.Task3.V0.Lib.csproj", "{A0726CE4-F24B-4906-92A8-DABDD762B375}"
EndProject
Project("{FAE04EC0-301F-11D3-BF4B-00C04F79EFBC}") = "Tyuiu.chernyhim.Sprint0.Task3.V0.Test", "Tyuiu.chernyhim.Sprint0.Task3.V0.Test\Tyuiu.chernyhim.Sprint0.Task3.V0.Test.csproj", "{08555C3E-6A6F-4306-9A7F-759B8B0FD24E}"
EndProject
Global
	GlobalSection(SolutionConfigurationPlatforms) = preSolution
		Debug|Any CPU = Debug|Any CPU
		Release|Any CPU = Release|Any CPU
	EndGlobalSection
	GlobalSection(ProjectConfigurationPlatforms) = postSolution
		{017DAA76-B54E-4A75-8620-B7DE20380949}.Debug|Any CPU.ActiveCfg = Debug|Any CPU
		{017DAA76-B54E-4A75-8620-B7DE20380949}.Debug|Any CPU.Build.0 = Debug|Any CPU
		{017DAA76-B54E-4A75-8620-B7DE20380949}.Release|Any CPU.ActiveCfg = Release|Any CPU
		{017DAA76-B54E-4A75-8620-B7DE20380949}.Release|Any CPU.Build.0 = Release|Any CPU
		{AEE77B0F-69C8-4FCA-8D5F-EBCB8F79DF45}.Debug|Any CPU.ActiveCfg = Debug|Any CPU
		{AEE77B0F-69C8-4FCA-8D5F-EBCB8F79DF45}.Debug|Any CPU.Build.0 = Debug|Any CPU
		{AEE77B0F-69C8-4FCA-8D5F-EBCB8F79DF45}.Release|Any CPU.ActiveCfg = Release|Any CPU
		{AEE77B0F-69C8-4FCA-8D5F-EBCB8F79DF45}.Release|Any CPU.Build.0 = Release|Any CPU
		{2900E108-5CCB-4BCF-BA17-AB886990C218}.Debug|Any CPU.ActiveCfg = Debug|Any CPU
		{2900E108-5CCB-4BCF-BA17-AB886990C218}.Debug|Any CPU.Build.0 = Debug|Any CPU
		{2900E108-5CCB-4BCF-BA17-AB886990C218}.Release|Any CPU.ActiveCfg = Release|Any CPU
		{2900E108-5CCB-4BCF-BA17-AB886990C218}.Release|Any CPU.Build.0 = Release|Any CPU
		{277D45D0-2096-4B8B-A977-6B95EC190691}.Debug|Any CPU.ActiveCfg = Debug|Any CPU
		{277D45D0-2096-4B8B-A977-6B95EC190691}.Debug|Any CPU.Build.0 = Debug|Any CPU
		{277D45D0-2096-4B8B-A977-6B95EC190691}.Release|Any CPU.ActiveCfg = Release|Any CPU
		{277D45D0-2096-4B8B-A977-6B95EC190691}.Release|Any CPU.Build.0 = Release|Any CPU
		{7E00FA91-B02C-4077-A63A-D8FCF9F9E9D0}.Debug|Any CPU.ActiveCfg = Debug|Any CPU
		{7E00FA91-B02C-4077-A63A-D8FCF9F9E9D0}.Debug|Any CPU.Build.0 = Debug|Any CPU
		{7E00FA91-B02C-4077-A63A-D8FCF9F9E9D0}.Release|Any CPU.ActiveCfg = Release|Any CPU
		{7E00FA91-B02C-4077-A63A-D8FCF9F9E9D0}.Release|Any CPU.Build.0 = Release|Any CPU
		{3F6A33EA-420A-470C-AF63-B7F9F55F228B}.Debug|Any CPU.ActiveCfg = Debug|Any CPU
		{3F6A33EA-420A-470C-AF63-B7F9F55F228B}.Debug|Any CPU.Build.0 = Debug|Any CPU
		{3F6A33EA-420A-470C-AF63-B7F9F55F228B}.Release|Any CPU.ActiveCfg = Release|Any CPU
		{3F6A33EA-420A-470C-AF63-B7F9F55F228B}.Release|Any CPU.Build.0 = Release|Any CPU
		{A0726CE4-F24B-4906-92A8-DABDD762B375}.Debug|Any CPU.ActiveCfg = Debug|Any CPU
		{A0726CE4-F24B-4906-92A8-DABDD762B375}.Debug|Any CPU.Build.0 = Debug|Any CPU
		{A0726CE4-F24B-4906-92A8-DABDD762B375}.Release|Any CPU.ActiveCfg = Release|Any CPU
		{A0726CE4-F24B-4906-92A8-DABDD762B375}.Release|Any CPU.Build.0 = Release|Any CPU
		{08555C3E-6A6F-4306-9A7F-759B8B0FD24E}.Debug|Any CPU.ActiveCfg = Debug|Any CPU
		{08555C3E-6A6F-4306-9A7F-759B8B0FD24E}.Debug|Any CPU.Build.0 = Debug|Any CPU
		{08555C3E-6A6F-4306-9A7F-759B8B0FD24E}.Release|Any CPU.ActiveCfg = Release|Any CPU
		{08555C3E-6A6F-4306-9A7F-759B8B0FD24E}.Release|Any CPU.Build.0 = Release|Any CPU
	EndGlobalSection
	GlobalSection(SolutionProperties) = preSolution
		HideSolutionNode = FALSE
	EndGlobalSection
	GlobalSection(NestedProjects) = preSolution
		{017DAA76-B54E-4A75-8620-B7DE20380949} = {02EA681E-C7D8-13C7-8484-4AC65E1B71E8}
		{AEE77B0F-69C8-4FCA-8D5F-EBCB8F79DF45} = {F4CB42F1-3C2E-4391-9804-1306F30D6803}
		{2900E108-5CCB-4BCF-BA17-AB886990C218} = {E193CFA3-EA42-44C7-8A84-4225D26A5AB8}
		{277D45D0-2096-4B8B-A977-6B95EC190691} = {E193CFA3-EA42-44C7-8A84-4225D26A5AB8}
		{7E00FA91-B02C-4077-A63A-D8FCF9F9E9D0} = {E193CFA3-EA42-44C7-8A84-4225D26A5AB8}
		{3F6A33EA-420A-470C-AF63-B7F9F55F228B} = {D28D9DC9-AF6F-44A5-B51C-2ED49B70C91E}
		{A0726CE4-F24B-4906-92A8-DABDD762B375} = {D28D9DC9-AF6F-44A5-B51C-2ED49B70C91E}
		{08555C3E-6A6F-4306-9A7F-759B8B0FD24E} = {D28D9DC9-AF6F-44A5-B51C-2ED49B70C91E}
	EndGlobalSection
	GlobalSection(ExtensibilityGlobals) = postSolution
		SolutionGuid = {1EA8977E-2C96-4D7A-985E-B5BA88DCDF59}
	EndGlobalSection
EndGlobal
